// !$*UTF8*$!
{
	archiveVersion = 1;
	classes = {
	};
	objectVersion = 50;
	objects = {

/* Begin PBXBuildFile section */
		3A815A132727FB220048A1EB /* ChatViewController.swift in Sources */ = {isa = PBXBuildFile; fileRef = 3A815A112727FB220048A1EB /* ChatViewController.swift */; };
		3A815A142727FB220048A1EB /* ChatViewController.xib in Resources */ = {isa = PBXBuildFile; fileRef = 3A815A122727FB220048A1EB /* ChatViewController.xib */; };
		3A815A1A272806B40048A1EB /* UINavigationBar.swift in Sources */ = {isa = PBXBuildFile; fileRef = 3A815A19272806B40048A1EB /* UINavigationBar.swift */; };
		3A815A1F2728071C0048A1EB /* ChatMessageCell.swift in Sources */ = {isa = PBXBuildFile; fileRef = 3A815A1D2728071C0048A1EB /* ChatMessageCell.swift */; };
		3A815A202728071C0048A1EB /* ChatMessageCell.xib in Resources */ = {isa = PBXBuildFile; fileRef = 3A815A1E2728071C0048A1EB /* ChatMessageCell.xib */; };
		3AD099892727F9EE0096B1D2 /* AppDelegate.swift in Sources */ = {isa = PBXBuildFile; fileRef = 3AD099882727F9EE0096B1D2 /* AppDelegate.swift */; };
		3AD0998B2727F9EE0096B1D2 /* SceneDelegate.swift in Sources */ = {isa = PBXBuildFile; fileRef = 3AD0998A2727F9EE0096B1D2 /* SceneDelegate.swift */; };
		3AD099922727F9F50096B1D2 /* Assets.xcassets in Resources */ = {isa = PBXBuildFile; fileRef = 3AD099912727F9F50096B1D2 /* Assets.xcassets */; };
		3AD099952727F9F50096B1D2 /* LaunchScreen.storyboard in Resources */ = {isa = PBXBuildFile; fileRef = 3AD099932727F9F50096B1D2 /* LaunchScreen.storyboard */; };
		3AFE811027280D530025DD74 /* Message.swift in Sources */ = {isa = PBXBuildFile; fileRef = 3AFE810F27280D530025DD74 /* Message.swift */; };
/* End PBXBuildFile section */

/* Begin PBXFileReference section */
		3A815A112727FB220048A1EB /* ChatViewController.swift */ = {isa = PBXFileReference; lastKnownFileType = sourcecode.swift; path = ChatViewController.swift; sourceTree = "<group>"; };
		3A815A122727FB220048A1EB /* ChatViewController.xib */ = {isa = PBXFileReference; lastKnownFileType = file.xib; path = ChatViewController.xib; sourceTree = "<group>"; };
		3A815A19272806B40048A1EB /* UINavigationBar.swift */ = {isa = PBXFileReference; lastKnownFileType = sourcecode.swift; path = UINavigationBar.swift; sourceTree = "<group>"; };
		3A815A1D2728071C0048A1EB /* ChatMessageCell.swift */ = {isa = PBXFileReference; lastKnownFileType = sourcecode.swift; path = ChatMessageCell.swift; sourceTree = "<group>"; };
		3A815A1E2728071C0048A1EB /* ChatMessageCell.xib */ = {isa = PBXFileReference; lastKnownFileType = file.xib; path = ChatMessageCell.xib; sourceTree = "<group>"; };
		3AD099852727F9EE0096B1D2 /* ChatApp.app */ = {isa = PBXFileReference; explicitFileType = wrapper.application; includeInIndex = 0; path = ChatApp.app; sourceTree = BUILT_PRODUCTS_DIR; };
		3AD099882727F9EE0096B1D2 /* AppDelegate.swift */ = {isa = PBXFileReference; lastKnownFileType = sourcecode.swift; path = AppDelegate.swift; sourceTree = "<group>"; };
		3AD0998A2727F9EE0096B1D2 /* SceneDelegate.swift */ = {isa = PBXFileReference; lastKnownFileType = sourcecode.swift; path = SceneDelegate.swift; sourceTree = "<group>"; };
		3AD099912727F9F50096B1D2 /* Assets.xcassets */ = {isa = PBXFileReference; lastKnownFileType = folder.assetcatalog; path = Assets.xcassets; sourceTree = "<group>"; };
		3AD099942727F9F50096B1D2 /* Base */ = {isa = PBXFileReference; lastKnownFileType = file.storyboard; name = Base; path = Base.lproj/LaunchScreen.storyboard; sourceTree = "<group>"; };
		3AD099962727F9F50096B1D2 /* Info.plist */ = {isa = PBXFileReference; lastKnownFileType = text.plist.xml; path = Info.plist; sourceTree = "<group>"; };
		3AFE810F27280D530025DD74 /* Message.swift */ = {isa = PBXFileReference; lastKnownFileType = sourcecode.swift; path = Message.swift; sourceTree = "<group>"; };
/* End PBXFileReference section */

/* Begin PBXFrameworksBuildPhase section */
		3AD099822727F9EE0096B1D2 /* Frameworks */ = {
			isa = PBXFrameworksBuildPhase;
			buildActionMask = 2147483647;
			files = (
			);
			runOnlyForDeploymentPostprocessing = 0;
		};
/* End PBXFrameworksBuildPhase section */

/* Begin PBXGroup section */
		3A815A102727FB030048A1EB /* ChatViewController */ = {
			isa = PBXGroup;
			children = (
				3A815A1C272806F70048A1EB /* ChatView */,
				3A815A23272807210048A1EB /* ChatMessageCell */,
			);
			path = ChatViewController;
			sourceTree = "<group>";
		};
		3A815A182728069A0048A1EB /* Extensions */ = {
			isa = PBXGroup;
			children = (
				3A815A19272806B40048A1EB /* UINavigationBar.swift */,
			);
			path = Extensions;
			sourceTree = "<group>";
		};
		3A815A1C272806F70048A1EB /* ChatView */ = {
			isa = PBXGroup;
			children = (
				3A815A112727FB220048A1EB /* ChatViewController.swift */,
				3A815A122727FB220048A1EB /* ChatViewController.xib */,
			);
			path = ChatView;
			sourceTree = "<group>";
		};
		3A815A23272807210048A1EB /* ChatMessageCell */ = {
			isa = PBXGroup;
			children = (
				3A815A1D2728071C0048A1EB /* ChatMessageCell.swift */,
				3A815A1E2728071C0048A1EB /* ChatMessageCell.xib */,
			);
			path = ChatMessageCell;
			sourceTree = "<group>";
		};
		3AD0997C2727F9EE0096B1D2 = {
			isa = PBXGroup;
			children = (
				3AD099872727F9EE0096B1D2 /* ChatApp */,
				3AD099862727F9EE0096B1D2 /* Products */,
			);
			sourceTree = "<group>";
		};
		3AD099862727F9EE0096B1D2 /* Products */ = {
			isa = PBXGroup;
			children = (
				3AD099852727F9EE0096B1D2 /* ChatApp.app */,
			);
			name = Products;
			sourceTree = "<group>";
		};
		3AD099872727F9EE0096B1D2 /* ChatApp */ = {
			isa = PBXGroup;
			children = (
				3A815A182728069A0048A1EB /* Extensions */,
				3AD099A02727FA940096B1D2 /* Model */,
				3AD0999D2727FA410096B1D2 /* UI */,
				3AD0999E2727FA480096B1D2 /* SupportFiles */,
			);
			path = ChatApp;
			sourceTree = "<group>";
		};
		3AD0999D2727FA410096B1D2 /* UI */ = {
			isa = PBXGroup;
			children = (
				3A815A102727FB030048A1EB /* ChatViewController */,
			);
			path = UI;
			sourceTree = "<group>";
		};
		3AD0999E2727FA480096B1D2 /* SupportFiles */ = {
			isa = PBXGroup;
			children = (
				3AD099882727F9EE0096B1D2 /* AppDelegate.swift */,
				3AD0998A2727F9EE0096B1D2 /* SceneDelegate.swift */,
				3AD099912727F9F50096B1D2 /* Assets.xcassets */,
				3AD099932727F9F50096B1D2 /* LaunchScreen.storyboard */,
				3AD099962727F9F50096B1D2 /* Info.plist */,
			);
			path = SupportFiles;
			sourceTree = "<group>";
		};
		3AD099A02727FA940096B1D2 /* Model */ = {
			isa = PBXGroup;
			children = (
				3AFE810F27280D530025DD74 /* Message.swift */,
			);
			path = Model;
			sourceTree = "<group>";
		};
/* End PBXGroup section */

/* Begin PBXNativeTarget section */
		3AD099842727F9EE0096B1D2 /* ChatApp */ = {
			isa = PBXNativeTarget;
			buildConfigurationList = 3AD099992727F9F50096B1D2 /* Build configuration list for PBXNativeTarget "ChatApp" */;
			buildPhases = (
				3AD099812727F9EE0096B1D2 /* Sources */,
				3AD099822727F9EE0096B1D2 /* Frameworks */,
				3AD099832727F9EE0096B1D2 /* Resources */,
			);
			buildRules = (
			);
			dependencies = (
			);
			name = ChatApp;
			productName = ChatApp;
			productReference = 3AD099852727F9EE0096B1D2 /* ChatApp.app */;
			productType = "com.apple.product-type.application";
		};
/* End PBXNativeTarget section */

/* Begin PBXProject section */
		3AD0997D2727F9EE0096B1D2 /* Project object */ = {
			isa = PBXProject;
			attributes = {
				LastSwiftUpdateCheck = 1240;
				LastUpgradeCheck = 1240;
				TargetAttributes = {
					3AD099842727F9EE0096B1D2 = {
						CreatedOnToolsVersion = 12.4;
					};
				};
			};
			buildConfigurationList = 3AD099802727F9EE0096B1D2 /* Build configuration list for PBXProject "ChatApp" */;
			compatibilityVersion = "Xcode 9.3";
			developmentRegion = en;
			hasScannedForEncodings = 0;
			knownRegions = (
				en,
				Base,
			);
			mainGroup = 3AD0997C2727F9EE0096B1D2;
			productRefGroup = 3AD099862727F9EE0096B1D2 /* Products */;
			projectDirPath = "";
			projectRoot = "";
			targets = (
				3AD099842727F9EE0096B1D2 /* ChatApp */,
			);
		};
/* End PBXProject section */

/* Begin PBXResourcesBuildPhase section */
		3AD099832727F9EE0096B1D2 /* Resources */ = {
			isa = PBXResourcesBuildPhase;
			buildActionMask = 2147483647;
			files = (
				3AD099952727F9F50096B1D2 /* LaunchScreen.storyboard in Resources */,
				3A815A202728071C0048A1EB /* ChatMessageCell.xib in Resources */,
				3AD099922727F9F50096B1D2 /* Assets.xcassets in Resources */,
				3A815A142727FB220048A1EB /* ChatViewController.xib in Resources */,
			);
			runOnlyForDeploymentPostprocessing = 0;
		};
/* End PBXResourcesBuildPhase section */

/* Begin PBXSourcesBuildPhase section */
		3AD099812727F9EE0096B1D2 /* Sources */ = {
			isa = PBXSourcesBuildPhase;
			buildActionMask = 2147483647;
			files = (
				3AD099892727F9EE0096B1D2 /* AppDelegate.swift in Sources */,
				3A815A1F2728071C0048A1EB /* ChatMessageCell.swift in Sources */,
				3A815A132727FB220048A1EB /* ChatViewController.swift in Sources */,
				3AFE811027280D530025DD74 /* Message.swift in Sources */,
				3AD0998B2727F9EE0096B1D2 /* SceneDelegate.swift in Sources */,
				3A815A1A272806B40048A1EB /* UINavigationBar.swift in Sources */,
			);
			runOnlyForDeploymentPostprocessing = 0;
		};
/* End PBXSourcesBuildPhase section */

/* Begin PBXVariantGroup section */
		3AD099932727F9F50096B1D2 /* LaunchScreen.storyboard */ = {
			isa = PBXVariantGroup;
			children = (
				3AD099942727F9F50096B1D2 /* Base */,
			);
			name = LaunchScreen.storyboard;
			sourceTree = "<group>";
		};
/* End PBXVariantGroup section */

/* Begin XCBuildConfiguration section */
		3AD099972727F9F50096B1D2 /* Debug */ = {
			isa = XCBuildConfiguration;
			buildSettings = {
				ALWAYS_SEARCH_USER_PATHS = NO;
				CLANG_ANALYZER_NONNULL = YES;
				CLANG_ANALYZER_NUMBER_OBJECT_CONVERSION = YES_AGGRESSIVE;
				CLANG_CXX_LANGUAGE_STANDARD = "gnu++14";
				CLANG_CXX_LIBRARY = "libc++";
				CLANG_ENABLE_MODULES = YES;
				CLANG_ENABLE_OBJC_ARC = YES;
				CLANG_ENABLE_OBJC_WEAK = YES;
				CLANG_WARN_BLOCK_CAPTURE_AUTORELEASING = YES;
				CLANG_WARN_BOOL_CONVERSION = YES;
				CLANG_WARN_COMMA = YES;
				CLANG_WARN_CONSTANT_CONVERSION = YES;
				CLANG_WARN_DEPRECATED_OBJC_IMPLEMENTATIONS = YES;
				CLANG_WARN_DIRECT_OBJC_ISA_USAGE = YES_ERROR;
				CLANG_WARN_DOCUMENTATION_COMMENTS = YES;
				CLANG_WARN_EMPTY_BODY = YES;
				CLANG_WARN_ENUM_CONVERSION = YES;
				CLANG_WARN_INFINITE_RECURSION = YES;
				CLANG_WARN_INT_CONVERSION = YES;
				CLANG_WARN_NON_LITERAL_NULL_CONVERSION = YES;
				CLANG_WARN_OBJC_IMPLICIT_RETAIN_SELF = YES;
				CLANG_WARN_OBJC_LITERAL_CONVERSION = YES;
				CLANG_WARN_OBJC_ROOT_CLASS = YES_ERROR;
				CLANG_WARN_QUOTED_INCLUDE_IN_FRAMEWORK_HEADER = YES;
				CLANG_WARN_RANGE_LOOP_ANALYSIS = YES;
				CLANG_WARN_STRICT_PROTOTYPES = YES;
				CLANG_WARN_SUSPICIOUS_MOVE = YES;
				CLANG_WARN_UNGUARDED_AVAILABILITY = YES_AGGRESSIVE;
				CLANG_WARN_UNREACHABLE_CODE = YES;
				CLANG_WARN__DUPLICATE_METHOD_MATCH = YES;
				COPY_PHASE_STRIP = NO;
				DEBUG_INFORMATION_FORMAT = dwarf;
				ENABLE_STRICT_OBJC_MSGSEND = YES;
				ENABLE_TESTABILITY = YES;
				GCC_C_LANGUAGE_STANDARD = gnu11;
				GCC_DYNAMIC_NO_PIC = NO;
				GCC_NO_COMMON_BLOCKS = YES;
				GCC_OPTIMIZATION_LEVEL = 0;
				GCC_PREPROCESSOR_DEFINITIONS = (
					"DEBUG=1",
					"$(inherited)",
				);
				GCC_WARN_64_TO_32_BIT_CONVERSION = YES;
				GCC_WARN_ABOUT_RETURN_TYPE = YES_ERROR;
				GCC_WARN_UNDECLARED_SELECTOR = YES;
				GCC_WARN_UNINITIALIZED_AUTOS = YES_AGGRESSIVE;
				GCC_WARN_UNUSED_FUNCTION = YES;
				GCC_WARN_UNUSED_VARIABLE = YES;
				IPHONEOS_DEPLOYMENT_TARGET = 14.4;
				MTL_ENABLE_DEBUG_INFO = INCLUDE_SOURCE;
				MTL_FAST_MATH = YES;
				ONLY_ACTIVE_ARCH = YES;
				SDKROOT = iphoneos;
				SWIFT_ACTIVE_COMPILATION_CONDITIONS = DEBUG;
				SWIFT_OPTIMIZATION_LEVEL = "-Onone";
			};
			name = Debug;
		};
		3AD099982727F9F50096B1D2 /* Release */ = {
			isa = XCBuildConfiguration;
			buildSettings = {
				ALWAYS_SEARCH_USER_PATHS = NO;
				CLANG_ANALYZER_NONNULL = YES;
				CLANG_ANALYZER_NUMBER_OBJECT_CONVERSION = YES_AGGRESSIVE;
				CLANG_CXX_LANGUAGE_STANDARD = "gnu++14";
				CLANG_CXX_LIBRARY = "libc++";
				CLANG_ENABLE_MODULES = YES;
				CLANG_ENABLE_OBJC_ARC = YES;
				CLANG_ENABLE_OBJC_WEAK = YES;
				CLANG_WARN_BLOCK_CAPTURE_AUTORELEASING = YES;
				CLANG_WARN_BOOL_CONVERSION = YES;
				CLANG_WARN_COMMA = YES;
				CLANG_WARN_CONSTANT_CONVERSION = YES;
				CLANG_WARN_DEPRECATED_OBJC_IMPLEMENTATIONS = YES;
				CLANG_WARN_DIRECT_OBJC_ISA_USAGE = YES_ERROR;
				CLANG_WARN_DOCUMENTATION_COMMENTS = YES;
				CLANG_WARN_EMPTY_BODY = YES;
				CLANG_WARN_ENUM_CONVERSION = YES;
				CLANG_WARN_INFINITE_RECURSION = YES;
				CLANG_WARN_INT_CONVERSION = YES;
				CLANG_WARN_NON_LITERAL_NULL_CONVERSION = YES;
				CLANG_WARN_OBJC_IMPLICIT_RETAIN_SELF = YES;
				CLANG_WARN_OBJC_LITERAL_CONVERSION = YES;
				CLANG_WARN_OBJC_ROOT_CLASS = YES_ERROR;
				CLANG_WARN_QUOTED_INCLUDE_IN_FRAMEWORK_HEADER = YES;
				CLANG_WARN_RANGE_LOOP_ANALYSIS = YES;
				CLANG_WARN_STRICT_PROTOTYPES = YES;
				CLANG_WARN_SUSPICIOUS_MOVE = YES;
				CLANG_WARN_UNGUARDED_AVAILABILITY = YES_AGGRESSIVE;
				CLANG_WARN_UNREACHABLE_CODE = YES;
				CLANG_WARN__DUPLICATE_METHOD_MATCH = YES;
				COPY_PHASE_STRIP = NO;
				DEBUG_INFORMATION_FORMAT = "dwarf-with-dsym";
				ENABLE_NS_ASSERTIONS = NO;
				ENABLE_STRICT_OBJC_MSGSEND = YES;
				GCC_C_LANGUAGE_STANDARD = gnu11;
				GCC_NO_COMMON_BLOCKS = YES;
				GCC_WARN_64_TO_32_BIT_CONVERSION = YES;
				GCC_WARN_ABOUT_RETURN_TYPE = YES_ERROR;
				GCC_WARN_UNDECLARED_SELECTOR = YES;
				GCC_WARN_UNINITIALIZED_AUTOS = YES_AGGRESSIVE;
				GCC_WARN_UNUSED_FUNCTION = YES;
				GCC_WARN_UNUSED_VARIABLE = YES;
				IPHONEOS_DEPLOYMENT_TARGET = 14.4;
				MTL_ENABLE_DEBUG_INFO = NO;
				MTL_FAST_MATH = YES;
				SDKROOT = iphoneos;
				SWIFT_COMPILATION_MODE = wholemodule;
				SWIFT_OPTIMIZATION_LEVEL = "-O";
				VALIDATE_PRODUCT = YES;
			};
			name = Release;
		};
		3AD0999A2727F9F50096B1D2 /* Debug */ = {
			isa = XCBuildConfiguration;
			buildSettings = {
				ASSETCATALOG_COMPILER_APPICON_NAME = AppIcon;
				ASSETCATALOG_COMPILER_GLOBAL_ACCENT_COLOR_NAME = AccentColor;
				CODE_SIGN_STYLE = Automatic;
				DEVELOPMENT_TEAM = 7U944HJZLH;
				INFOPLIST_FILE = ChatApp/SupportFiles/Info.plist;
				LD_RUNPATH_SEARCH_PATHS = (
					"$(inherited)",
					"@executable_path/Frameworks",
				);
				PRODUCT_BUNDLE_IDENTIFIER = com.duytran.dev.ChatApp;
				PRODUCT_NAME = "$(TARGET_NAME)";
				SWIFT_VERSION = 5.0;
				TARGETED_DEVICE_FAMILY = "1,2";
			};
			name = Debug;
		};
		3AD0999B2727F9F50096B1D2 /* Release */ = {
			isa = XCBuildConfiguration;
			buildSettings = {
				ASSETCATALOG_COMPILER_APPICON_NAME = AppIcon;
				ASSETCATALOG_COMPILER_GLOBAL_ACCENT_COLOR_NAME = AccentColor;
				CODE_SIGN_STYLE = Automatic;
				DEVELOPMENT_TEAM = 7U944HJZLH;
				INFOPLIST_FILE = ChatApp/SupportFiles/Info.plist;
				LD_RUNPATH_SEARCH_PATHS = (
					"$(inherited)",
					"@executable_path/Frameworks",
				);
				PRODUCT_BUNDLE_IDENTIFIER = com.duytran.dev.ChatApp;
				PRODUCT_NAME = "$(TARGET_NAME)";
				SWIFT_VERSION = 5.0;
				TARGETED_DEVICE_FAMILY = "1,2";
			};
			name = Release;
		};
/* End XCBuildConfiguration section */

/* Begin XCConfigurationList section */
		3AD099802727F9EE0096B1D2 /* Build configuration list for PBXProject "ChatApp" */ = {
			isa = XCConfigurationList;
			buildConfigurations = (
				3AD099972727F9F50096B1D2 /* Debug */,
				3AD099982727F9F50096B1D2 /* Release */,
			);
			defaultConfigurationIsVisible = 0;
			defaultConfigurationName = Release;
		};
		3AD099992727F9F50096B1D2 /* Build configuration list for PBXNativeTarget "ChatApp" */ = {
			isa = XCConfigurationList;
			buildConfigurations = (
				3AD0999A2727F9F50096B1D2 /* Debug */,
				3AD0999B2727F9F50096B1D2 /* Release */,
			);
			defaultConfigurationIsVisible = 0;
			defaultConfigurationName = Release;
		};
/* End XCConfigurationList section */
	};
	rootObject = 3AD0997D2727F9EE0096B1D2 /* Project object */;
}
