// !$*UTF8*$!
{
	archiveVersion = 1;
	classes = {
	};
	objectVersion = 51;
	objects = {

/* Begin PBXBuildFile section */
		3A815A132727FB220048A1EB /* ChatViewController.swift in Sources */ = {isa = PBXBuildFile; fileRef = 3A815A112727FB220048A1EB /* ChatViewController.swift */; };
		3A815A142727FB220048A1EB /* ChatViewController.xib in Resources */ = {isa = PBXBuildFile; fileRef = 3A815A122727FB220048A1EB /* ChatViewController.xib */; };
		3A815A1A272806B40048A1EB /* UINavigationBar.swift in Sources */ = {isa = PBXBuildFile; fileRef = 3A815A19272806B40048A1EB /* UINavigationBar.swift */; };
		3A815A1F2728071C0048A1EB /* ChatMessageCell.swift in Sources */ = {isa = PBXBuildFile; fileRef = 3A815A1D2728071C0048A1EB /* ChatMessageCell.swift */; };
		3A815A202728071C0048A1EB /* ChatMessageCell.xib in Resources */ = {isa = PBXBuildFile; fileRef = 3A815A1E2728071C0048A1EB /* ChatMessageCell.xib */; };
		3A978604272F9EE6007FA4A0 /* HomeViewController.swift in Sources */ = {isa = PBXBuildFile; fileRef = 3A978602272F9EE6007FA4A0 /* HomeViewController.swift */; };
		3A978605272F9EE6007FA4A0 /* HomeViewController.xib in Resources */ = {isa = PBXBuildFile; fileRef = 3A978603272F9EE6007FA4A0 /* HomeViewController.xib */; };
		3A97860B272F9F79007FA4A0 /* HomeCell.swift in Sources */ = {isa = PBXBuildFile; fileRef = 3A978609272F9F79007FA4A0 /* HomeCell.swift */; };
		3A97860C272F9F79007FA4A0 /* HomeCell.xib in Resources */ = {isa = PBXBuildFile; fileRef = 3A97860A272F9F79007FA4A0 /* HomeCell.xib */; };
		3AC6E50C272AEADB00D96409 /* LoginViewController.swift in Sources */ = {isa = PBXBuildFile; fileRef = 3AC6E50A272AEADB00D96409 /* LoginViewController.swift */; };
		3AC6E50D272AEADB00D96409 /* LoginViewController.xib in Resources */ = {isa = PBXBuildFile; fileRef = 3AC6E50B272AEADB00D96409 /* LoginViewController.xib */; };
		3AC6E511272AEAEE00D96409 /* RegisterViewController.swift in Sources */ = {isa = PBXBuildFile; fileRef = 3AC6E50F272AEAEE00D96409 /* RegisterViewController.swift */; };
		3AC6E512272AEAEE00D96409 /* RegisterViewController.xib in Resources */ = {isa = PBXBuildFile; fileRef = 3AC6E510272AEAEE00D96409 /* RegisterViewController.xib */; };
		3AC6E516272AF83F00D96409 /* Alert.swift in Sources */ = {isa = PBXBuildFile; fileRef = 3AC6E515272AF83F00D96409 /* Alert.swift */; };
		3AD099892727F9EE0096B1D2 /* AppDelegate.swift in Sources */ = {isa = PBXBuildFile; fileRef = 3AD099882727F9EE0096B1D2 /* AppDelegate.swift */; };
		3AD0998B2727F9EE0096B1D2 /* SceneDelegate.swift in Sources */ = {isa = PBXBuildFile; fileRef = 3AD0998A2727F9EE0096B1D2 /* SceneDelegate.swift */; };
		3AD099922727F9F50096B1D2 /* Assets.xcassets in Resources */ = {isa = PBXBuildFile; fileRef = 3AD099912727F9F50096B1D2 /* Assets.xcassets */; };
		3AD099952727F9F50096B1D2 /* LaunchScreen.storyboard in Resources */ = {isa = PBXBuildFile; fileRef = 3AD099932727F9F50096B1D2 /* LaunchScreen.storyboard */; };
		3AFE811027280D530025DD74 /* Message.swift in Sources */ = {isa = PBXBuildFile; fileRef = 3AFE810F27280D530025DD74 /* Message.swift */; };
		3AFE8113272A44860025DD74 /* GoogleService-Info.plist in Resources */ = {isa = PBXBuildFile; fileRef = 3AFE8112272A44860025DD74 /* GoogleService-Info.plist */; };
		D1FA7804D6CA31226D38D809 /* Pods_ChatApp.framework in Frameworks */ = {isa = PBXBuildFile; fileRef = 24A5738419D7B2F4A2EEB45D /* Pods_ChatApp.framework */; };
/* End PBXBuildFile section */

/* Begin PBXFileReference section */
		24A5738419D7B2F4A2EEB45D /* Pods_ChatApp.framework */ = {isa = PBXFileReference; explicitFileType = wrapper.framework; includeInIndex = 0; path = Pods_ChatApp.framework; sourceTree = BUILT_PRODUCTS_DIR; };
		3A815A112727FB220048A1EB /* ChatViewController.swift */ = {isa = PBXFileReference; lastKnownFileType = sourcecode.swift; path = ChatViewController.swift; sourceTree = "<group>"; };
		3A815A122727FB220048A1EB /* ChatViewController.xib */ = {isa = PBXFileReference; lastKnownFileType = file.xib; path = ChatViewController.xib; sourceTree = "<group>"; };
		3A815A19272806B40048A1EB /* UINavigationBar.swift */ = {isa = PBXFileReference; lastKnownFileType = sourcecode.swift; path = UINavigationBar.swift; sourceTree = "<group>"; };
		3A815A1D2728071C0048A1EB /* ChatMessageCell.swift */ = {isa = PBXFileReference; lastKnownFileType = sourcecode.swift; path = ChatMessageCell.swift; sourceTree = "<group>"; };
		3A815A1E2728071C0048A1EB /* ChatMessageCell.xib */ = {isa = PBXFileReference; lastKnownFileType = file.xib; path = ChatMessageCell.xib; sourceTree = "<group>"; };
		3A978602272F9EE6007FA4A0 /* HomeViewController.swift */ = {isa = PBXFileReference; lastKnownFileType = sourcecode.swift; path = HomeViewController.swift; sourceTree = "<group>"; };
		3A978603272F9EE6007FA4A0 /* HomeViewController.xib */ = {isa = PBXFileReference; lastKnownFileType = file.xib; path = HomeViewController.xib; sourceTree = "<group>"; };
		3A978609272F9F79007FA4A0 /* HomeCell.swift */ = {isa = PBXFileReference; lastKnownFileType = sourcecode.swift; path = HomeCell.swift; sourceTree = "<group>"; };
		3A97860A272F9F79007FA4A0 /* HomeCell.xib */ = {isa = PBXFileReference; lastKnownFileType = file.xib; path = HomeCell.xib; sourceTree = "<group>"; };
		3AC6E50A272AEADB00D96409 /* LoginViewController.swift */ = {isa = PBXFileReference; lastKnownFileType = sourcecode.swift; path = LoginViewController.swift; sourceTree = "<group>"; };
		3AC6E50B272AEADB00D96409 /* LoginViewController.xib */ = {isa = PBXFileReference; lastKnownFileType = file.xib; path = LoginViewController.xib; sourceTree = "<group>"; };
		3AC6E50F272AEAEE00D96409 /* RegisterViewController.swift */ = {isa = PBXFileReference; lastKnownFileType = sourcecode.swift; path = RegisterViewController.swift; sourceTree = "<group>"; };
		3AC6E510272AEAEE00D96409 /* RegisterViewController.xib */ = {isa = PBXFileReference; lastKnownFileType = file.xib; path = RegisterViewController.xib; sourceTree = "<group>"; };
		3AC6E515272AF83F00D96409 /* Alert.swift */ = {isa = PBXFileReference; lastKnownFileType = sourcecode.swift; path = Alert.swift; sourceTree = "<group>"; };
		3AD099852727F9EE0096B1D2 /* ChatApp.app */ = {isa = PBXFileReference; explicitFileType = wrapper.application; includeInIndex = 0; path = ChatApp.app; sourceTree = BUILT_PRODUCTS_DIR; };
		3AD099882727F9EE0096B1D2 /* AppDelegate.swift */ = {isa = PBXFileReference; lastKnownFileType = sourcecode.swift; path = AppDelegate.swift; sourceTree = "<group>"; };
		3AD0998A2727F9EE0096B1D2 /* SceneDelegate.swift */ = {isa = PBXFileReference; lastKnownFileType = sourcecode.swift; path = SceneDelegate.swift; sourceTree = "<group>"; };
		3AD099912727F9F50096B1D2 /* Assets.xcassets */ = {isa = PBXFileReference; lastKnownFileType = folder.assetcatalog; path = Assets.xcassets; sourceTree = "<group>"; };
		3AD099942727F9F50096B1D2 /* Base */ = {isa = PBXFileReference; lastKnownFileType = file.storyboard; name = Base; path = Base.lproj/LaunchScreen.storyboard; sourceTree = "<group>"; };
		3AD099962727F9F50096B1D2 /* Info.plist */ = {isa = PBXFileReference; lastKnownFileType = text.plist.xml; path = Info.plist; sourceTree = "<group>"; };
		3AFE810F27280D530025DD74 /* Message.swift */ = {isa = PBXFileReference; lastKnownFileType = sourcecode.swift; path = Message.swift; sourceTree = "<group>"; };
		3AFE8112272A44860025DD74 /* GoogleService-Info.plist */ = {isa = PBXFileReference; fileEncoding = 4; lastKnownFileType = text.plist.xml; path = "GoogleService-Info.plist"; sourceTree = "<group>"; };
		74F167960CACAF586C561D48 /* Pods-ChatApp.debug.xcconfig */ = {isa = PBXFileReference; includeInIndex = 1; lastKnownFileType = text.xcconfig; name = "Pods-ChatApp.debug.xcconfig"; path = "Target Support Files/Pods-ChatApp/Pods-ChatApp.debug.xcconfig"; sourceTree = "<group>"; };
		E48D2D440B7A80C5449AA9D8 /* Pods-ChatApp.release.xcconfig */ = {isa = PBXFileReference; includeInIndex = 1; lastKnownFileType = text.xcconfig; name = "Pods-ChatApp.release.xcconfig"; path = "Target Support Files/Pods-ChatApp/Pods-ChatApp.release.xcconfig"; sourceTree = "<group>"; };
/* End PBXFileReference section */

/* Begin PBXFrameworksBuildPhase section */
		3AD099822727F9EE0096B1D2 /* Frameworks */ = {
			isa = PBXFrameworksBuildPhase;
			buildActionMask = 2147483647;
			files = (
				D1FA7804D6CA31226D38D809 /* Pods_ChatApp.framework in Frameworks */,
			);
			runOnlyForDeploymentPostprocessing = 0;
		};
/* End PBXFrameworksBuildPhase section */

/* Begin PBXGroup section */
		383C1C126680B408ECC01985 /* Frameworks */ = {
			isa = PBXGroup;
			children = (
				24A5738419D7B2F4A2EEB45D /* Pods_ChatApp.framework */,
			);
			name = Frameworks;
			sourceTree = "<group>";
		};
		3A815A102727FB030048A1EB /* ChatViewController */ = {
			isa = PBXGroup;
			children = (
				3A815A1C272806F70048A1EB /* ChatView */,
				3A815A23272807210048A1EB /* ChatMessageCell */,
			);
			path = ChatViewController;
			sourceTree = "<group>";
		};
		3A815A182728069A0048A1EB /* Extensions */ = {
			isa = PBXGroup;
			children = (
				3A815A19272806B40048A1EB /* UINavigationBar.swift */,
			);
			path = Extensions;
			sourceTree = "<group>";
		};
		3A815A1C272806F70048A1EB /* ChatView */ = {
			isa = PBXGroup;
			children = (
				3A815A112727FB220048A1EB /* ChatViewController.swift */,
				3A815A122727FB220048A1EB /* ChatViewController.xib */,
			);
			path = ChatView;
			sourceTree = "<group>";
		};
		3A815A23272807210048A1EB /* ChatMessageCell */ = {
			isa = PBXGroup;
			children = (
				3A815A1D2728071C0048A1EB /* ChatMessageCell.swift */,
				3A815A1E2728071C0048A1EB /* ChatMessageCell.xib */,
			);
			path = ChatMessageCell;
			sourceTree = "<group>";
		};
		3A978601272F9EC9007FA4A0 /* HomeViewController */ = {
			isa = PBXGroup;
			children = (
				3A978608272F9F5D007FA4A0 /* HomeCell */,
				3A978607272F9F4E007FA4A0 /* HomeView */,
			);
			path = HomeViewController;
			sourceTree = "<group>";
		};
		3A978607272F9F4E007FA4A0 /* HomeView */ = {
			isa = PBXGroup;
			children = (
				3A978602272F9EE6007FA4A0 /* HomeViewController.swift */,
				3A978603272F9EE6007FA4A0 /* HomeViewController.xib */,
			);
			path = HomeView;
			sourceTree = "<group>";
		};
		3A978608272F9F5D007FA4A0 /* HomeCell */ = {
			isa = PBXGroup;
			children = (
				3A978609272F9F79007FA4A0 /* HomeCell.swift */,
				3A97860A272F9F79007FA4A0 /* HomeCell.xib */,
			);
			path = HomeCell;
			sourceTree = "<group>";
		};
		3AC6E508272AEA5900D96409 /* LoginViewController */ = {
			isa = PBXGroup;
			children = (
				3AC6E50A272AEADB00D96409 /* LoginViewController.swift */,
				3AC6E50B272AEADB00D96409 /* LoginViewController.xib */,
			);
			path = LoginViewController;
			sourceTree = "<group>";
		};
		3AC6E509272AEA6400D96409 /* RegisterViewController */ = {
			isa = PBXGroup;
			children = (
				3AC6E50F272AEAEE00D96409 /* RegisterViewController.swift */,
				3AC6E510272AEAEE00D96409 /* RegisterViewController.xib */,
			);
			path = RegisterViewController;
			sourceTree = "<group>";
		};
		3AC6E514272AF82400D96409 /* Utilities */ = {
			isa = PBXGroup;
			children = (
				3AC6E515272AF83F00D96409 /* Alert.swift */,
			);
			path = Utilities;
			sourceTree = "<group>";
		};
		3AD0997C2727F9EE0096B1D2 = {
			isa = PBXGroup;
			children = (
				3AD099872727F9EE0096B1D2 /* ChatApp */,
				3AD099862727F9EE0096B1D2 /* Products */,
				A5715A40DA517D785D4FD34A /* Pods */,
				383C1C126680B408ECC01985 /* Frameworks */,
			);
			sourceTree = "<group>";
		};
		3AD099862727F9EE0096B1D2 /* Products */ = {
			isa = PBXGroup;
			children = (
				3AD099852727F9EE0096B1D2 /* ChatApp.app */,
			);
			name = Products;
			sourceTree = "<group>";
		};
		3AD099872727F9EE0096B1D2 /* ChatApp */ = {
			isa = PBXGroup;
			children = (
				3AC6E514272AF82400D96409 /* Utilities */,
				3A815A182728069A0048A1EB /* Extensions */,
				3AD099A02727FA940096B1D2 /* Model */,
				3AD0999D2727FA410096B1D2 /* UI */,
				3AD0999E2727FA480096B1D2 /* SupportFiles */,
			);
			path = ChatApp;
			sourceTree = "<group>";
		};
		3AD0999D2727FA410096B1D2 /* UI */ = {
			isa = PBXGroup;
			children = (
				3AC6E508272AEA5900D96409 /* LoginViewController */,
				3AC6E509272AEA6400D96409 /* RegisterViewController */,
				3A978601272F9EC9007FA4A0 /* HomeViewController */,
				3A815A102727FB030048A1EB /* ChatViewController */,
			);
			path = UI;
			sourceTree = "<group>";
		};
		3AD0999E2727FA480096B1D2 /* SupportFiles */ = {
			isa = PBXGroup;
			children = (
				3AD099882727F9EE0096B1D2 /* AppDelegate.swift */,
				3AD0998A2727F9EE0096B1D2 /* SceneDelegate.swift */,
				3AD099912727F9F50096B1D2 /* Assets.xcassets */,
				3AD099932727F9F50096B1D2 /* LaunchScreen.storyboard */,
				3AD099962727F9F50096B1D2 /* Info.plist */,
				3AFE8112272A44860025DD74 /* GoogleService-Info.plist */,
			);
			path = SupportFiles;
			sourceTree = "<group>";
		};
		3AD099A02727FA940096B1D2 /* Model */ = {
			isa = PBXGroup;
			children = (
				3AFE810F27280D530025DD74 /* Message.swift */,
			);
			path = Model;
			sourceTree = "<group>";
		};
		A5715A40DA517D785D4FD34A /* Pods */ = {
			isa = PBXGroup;
			children = (
				74F167960CACAF586C561D48 /* Pods-ChatApp.debug.xcconfig */,
				E48D2D440B7A80C5449AA9D8 /* Pods-ChatApp.release.xcconfig */,
			);
			path = Pods;
			sourceTree = "<group>";
		};
/* End PBXGroup section */

/* Begin PBXNativeTarget section */
		3AD099842727F9EE0096B1D2 /* ChatApp */ = {
			isa = PBXNativeTarget;
			buildConfigurationList = 3AD099992727F9F50096B1D2 /* Build configuration list for PBXNativeTarget "ChatApp" */;
			buildPhases = (
				EFA2E7728403B90AE3862322 /* [CP] Check Pods Manifest.lock */,
				3AD099812727F9EE0096B1D2 /* Sources */,
				3AD099822727F9EE0096B1D2 /* Frameworks */,
				3AD099832727F9EE0096B1D2 /* Resources */,
				A294C0C3473C0FE66156BC14 /* [CP] Embed Pods Frameworks */,
			);
			buildRules = (
			);
			dependencies = (
			);
			name = ChatApp;
			productName = ChatApp;
			productReference = 3AD099852727F9EE0096B1D2 /* ChatApp.app */;
			productType = "com.apple.product-type.application";
		};
/* End PBXNativeTarget section */

/* Begin PBXProject section */
		3AD0997D2727F9EE0096B1D2 /* Project object */ = {
			isa = PBXProject;
			attributes = {
				LastSwiftUpdateCheck = 1240;
				LastUpgradeCheck = 1240;
				TargetAttributes = {
					3AD099842727F9EE0096B1D2 = {
						CreatedOnToolsVersion = 12.4;
					};
				};
			};
			buildConfigurationList = 3AD099802727F9EE0096B1D2 /* Build configuration list for PBXProject "ChatApp" */;
			compatibilityVersion = "Xcode 9.3";
			developmentRegion = en;
			hasScannedForEncodings = 0;
			knownRegions = (
				en,
				Base,
			);
			mainGroup = 3AD0997C2727F9EE0096B1D2;
			productRefGroup = 3AD099862727F9EE0096B1D2 /* Products */;
			projectDirPath = "";
			projectRoot = "";
			targets = (
				3AD099842727F9EE0096B1D2 /* ChatApp */,
			);
		};
/* End PBXProject section */

/* Begin PBXResourcesBuildPhase section */
		3AD099832727F9EE0096B1D2 /* Resources */ = {
			isa = PBXResourcesBuildPhase;
			buildActionMask = 2147483647;
			files = (
				3AD099952727F9F50096B1D2 /* LaunchScreen.storyboard in Resources */,
				3A97860C272F9F79007FA4A0 /* HomeCell.xib in Resources */,
				3A815A202728071C0048A1EB /* ChatMessageCell.xib in Resources */,
				3AC6E512272AEAEE00D96409 /* RegisterViewController.xib in Resources */,
				3AC6E50D272AEADB00D96409 /* LoginViewController.xib in Resources */,
				3AFE8113272A44860025DD74 /* GoogleService-Info.plist in Resources */,
				3AD099922727F9F50096B1D2 /* Assets.xcassets in Resources */,
				3A815A142727FB220048A1EB /* ChatViewController.xib in Resources */,
				3A978605272F9EE6007FA4A0 /* HomeViewController.xib in Resources */,
			);
			runOnlyForDeploymentPostprocessing = 0;
		};
/* End PBXResourcesBuildPhase section */

/* Begin PBXShellScriptBuildPhase section */
		A294C0C3473C0FE66156BC14 /* [CP] Embed Pods Frameworks */ = {
			isa = PBXShellScriptBuildPhase;
			buildActionMask = 2147483647;
			files = (
			);
			inputFileListPaths = (
				"${PODS_ROOT}/Target Support Files/Pods-ChatApp/Pods-ChatApp-frameworks-${CONFIGURATION}-input-files.xcfilelist",
			);
			name = "[CP] Embed Pods Frameworks";
			outputFileListPaths = (
				"${PODS_ROOT}/Target Support Files/Pods-ChatApp/Pods-ChatApp-frameworks-${CONFIGURATION}-output-files.xcfilelist",
			);
			runOnlyForDeploymentPostprocessing = 0;
			shellPath = /bin/sh;
			shellScript = "\"${PODS_ROOT}/Target Support Files/Pods-ChatApp/Pods-ChatApp-frameworks.sh\"\n";
			showEnvVarsInLog = 0;
		};
		EFA2E7728403B90AE3862322 /* [CP] Check Pods Manifest.lock */ = {
			isa = PBXShellScriptBuildPhase;
			buildActionMask = 2147483647;
			files = (
			);
			inputFileListPaths = (
			);
			inputPaths = (
				"${PODS_PODFILE_DIR_PATH}/Podfile.lock",
				"${PODS_ROOT}/Manifest.lock",
			);
			name = "[CP] Check Pods Manifest.lock";
			outputFileListPaths = (
			);
			outputPaths = (
				"$(DERIVED_FILE_DIR)/Pods-ChatApp-checkManifestLockResult.txt",
			);
			runOnlyForDeploymentPostprocessing = 0;
			shellPath = /bin/sh;
			shellScript = "diff \"${PODS_PODFILE_DIR_PATH}/Podfile.lock\" \"${PODS_ROOT}/Manifest.lock\" > /dev/null\nif [ $? != 0 ] ; then\n    # print error to STDERR\n    echo \"error: The sandbox is not in sync with the Podfile.lock. Run 'pod install' or update your CocoaPods installation.\" >&2\n    exit 1\nfi\n# This output is used by Xcode 'outputs' to avoid re-running this script phase.\necho \"SUCCESS\" > \"${SCRIPT_OUTPUT_FILE_0}\"\n";
			showEnvVarsInLog = 0;
		};
/* End PBXShellScriptBuildPhase section */

/* Begin PBXSourcesBuildPhase section */
		3AD099812727F9EE0096B1D2 /* Sources */ = {
			isa = PBXSourcesBuildPhase;
			buildActionMask = 2147483647;
			files = (
				3AC6E516272AF83F00D96409 /* Alert.swift in Sources */,
				3AC6E50C272AEADB00D96409 /* LoginViewController.swift in Sources */,
				3AD099892727F9EE0096B1D2 /* AppDelegate.swift in Sources */,
				3A97860B272F9F79007FA4A0 /* HomeCell.swift in Sources */,
				3A815A1F2728071C0048A1EB /* ChatMessageCell.swift in Sources */,
				3AC6E511272AEAEE00D96409 /* RegisterViewController.swift in Sources */,
				3A978604272F9EE6007FA4A0 /* HomeViewController.swift in Sources */,
				3A815A132727FB220048A1EB /* ChatViewController.swift in Sources */,
				3AFE811027280D530025DD74 /* Message.swift in Sources */,
				3AD0998B2727F9EE0096B1D2 /* SceneDelegate.swift in Sources */,
				3A815A1A272806B40048A1EB /* UINavigationBar.swift in Sources */,
			);
			runOnlyForDeploymentPostprocessing = 0;
		};
/* End PBXSourcesBuildPhase section */

/* Begin PBXVariantGroup section */
		3AD099932727F9F50096B1D2 /* LaunchScreen.storyboard */ = {
			isa = PBXVariantGroup;
			children = (
				3AD099942727F9F50096B1D2 /* Base */,
			);
			name = LaunchScreen.storyboard;
			sourceTree = "<group>";
		};
/* End PBXVariantGroup section */

/* Begin XCBuildConfiguration section */
		3AD099972727F9F50096B1D2 /* Debug */ = {
			isa = XCBuildConfiguration;
			buildSettings = {
				ALWAYS_SEARCH_USER_PATHS = NO;
				CLANG_ANALYZER_NONNULL = YES;
				CLANG_ANALYZER_NUMBER_OBJECT_CONVERSION = YES_AGGRESSIVE;
				CLANG_CXX_LANGUAGE_STANDARD = "gnu++14";
				CLANG_CXX_LIBRARY = "libc++";
				CLANG_ENABLE_MODULES = YES;
				CLANG_ENABLE_OBJC_ARC = YES;
				CLANG_ENABLE_OBJC_WEAK = YES;
				CLANG_WARN_BLOCK_CAPTURE_AUTORELEASING = YES;
				CLANG_WARN_BOOL_CONVERSION = YES;
				CLANG_WARN_COMMA = YES;
				CLANG_WARN_CONSTANT_CONVERSION = YES;
				CLANG_WARN_DEPRECATED_OBJC_IMPLEMENTATIONS = YES;
				CLANG_WARN_DIRECT_OBJC_ISA_USAGE = YES_ERROR;
				CLANG_WARN_DOCUMENTATION_COMMENTS = YES;
				CLANG_WARN_EMPTY_BODY = YES;
				CLANG_WARN_ENUM_CONVERSION = YES;
				CLANG_WARN_INFINITE_RECURSION = YES;
				CLANG_WARN_INT_CONVERSION = YES;
				CLANG_WARN_NON_LITERAL_NULL_CONVERSION = YES;
				CLANG_WARN_OBJC_IMPLICIT_RETAIN_SELF = YES;
				CLANG_WARN_OBJC_LITERAL_CONVERSION = YES;
				CLANG_WARN_OBJC_ROOT_CLASS = YES_ERROR;
				CLANG_WARN_QUOTED_INCLUDE_IN_FRAMEWORK_HEADER = YES;
				CLANG_WARN_RANGE_LOOP_ANALYSIS = YES;
				CLANG_WARN_STRICT_PROTOTYPES = YES;
				CLANG_WARN_SUSPICIOUS_MOVE = YES;
				CLANG_WARN_UNGUARDED_AVAILABILITY = YES_AGGRESSIVE;
				CLANG_WARN_UNREACHABLE_CODE = YES;
				CLANG_WARN__DUPLICATE_METHOD_MATCH = YES;
				COPY_PHASE_STRIP = NO;
				DEBUG_INFORMATION_FORMAT = dwarf;
				ENABLE_STRICT_OBJC_MSGSEND = YES;
				ENABLE_TESTABILITY = YES;
				GCC_C_LANGUAGE_STANDARD = gnu11;
				GCC_DYNAMIC_NO_PIC = NO;
				GCC_NO_COMMON_BLOCKS = YES;
				GCC_OPTIMIZATION_LEVEL = 0;
				GCC_PREPROCESSOR_DEFINITIONS = (
					"DEBUG=1",
					"$(inherited)",
				);
				GCC_WARN_64_TO_32_BIT_CONVERSION = YES;
				GCC_WARN_ABOUT_RETURN_TYPE = YES_ERROR;
				GCC_WARN_UNDECLARED_SELECTOR = YES;
				GCC_WARN_UNINITIALIZED_AUTOS = YES_AGGRESSIVE;
				GCC_WARN_UNUSED_FUNCTION = YES;
				GCC_WARN_UNUSED_VARIABLE = YES;
				IPHONEOS_DEPLOYMENT_TARGET = 14.4;
				MTL_ENABLE_DEBUG_INFO = INCLUDE_SOURCE;
				MTL_FAST_MATH = YES;
				ONLY_ACTIVE_ARCH = YES;
				SDKROOT = iphoneos;
				SWIFT_ACTIVE_COMPILATION_CONDITIONS = DEBUG;
				SWIFT_OPTIMIZATION_LEVEL = "-Onone";
			};
			name = Debug;
		};
		3AD099982727F9F50096B1D2 /* Release */ = {
			isa = XCBuildConfiguration;
			buildSettings = {
				ALWAYS_SEARCH_USER_PATHS = NO;
				CLANG_ANALYZER_NONNULL = YES;
				CLANG_ANALYZER_NUMBER_OBJECT_CONVERSION = YES_AGGRESSIVE;
				CLANG_CXX_LANGUAGE_STANDARD = "gnu++14";
				CLANG_CXX_LIBRARY = "libc++";
				CLANG_ENABLE_MODULES = YES;
				CLANG_ENABLE_OBJC_ARC = YES;
				CLANG_ENABLE_OBJC_WEAK = YES;
				CLANG_WARN_BLOCK_CAPTURE_AUTORELEASING = YES;
				CLANG_WARN_BOOL_CONVERSION = YES;
				CLANG_WARN_COMMA = YES;
				CLANG_WARN_CONSTANT_CONVERSION = YES;
				CLANG_WARN_DEPRECATED_OBJC_IMPLEMENTATIONS = YES;
				CLANG_WARN_DIRECT_OBJC_ISA_USAGE = YES_ERROR;
				CLANG_WARN_DOCUMENTATION_COMMENTS = YES;
				CLANG_WARN_EMPTY_BODY = YES;
				CLANG_WARN_ENUM_CONVERSION = YES;
				CLANG_WARN_INFINITE_RECURSION = YES;
				CLANG_WARN_INT_CONVERSION = YES;
				CLANG_WARN_NON_LITERAL_NULL_CONVERSION = YES;
				CLANG_WARN_OBJC_IMPLICIT_RETAIN_SELF = YES;
				CLANG_WARN_OBJC_LITERAL_CONVERSION = YES;
				CLANG_WARN_OBJC_ROOT_CLASS = YES_ERROR;
				CLANG_WARN_QUOTED_INCLUDE_IN_FRAMEWORK_HEADER = YES;
				CLANG_WARN_RANGE_LOOP_ANALYSIS = YES;
				CLANG_WARN_STRICT_PROTOTYPES = YES;
				CLANG_WARN_SUSPICIOUS_MOVE = YES;
				CLANG_WARN_UNGUARDED_AVAILABILITY = YES_AGGRESSIVE;
				CLANG_WARN_UNREACHABLE_CODE = YES;
				CLANG_WARN__DUPLICATE_METHOD_MATCH = YES;
				COPY_PHASE_STRIP = NO;
				DEBUG_INFORMATION_FORMAT = "dwarf-with-dsym";
				ENABLE_NS_ASSERTIONS = NO;
				ENABLE_STRICT_OBJC_MSGSEND = YES;
				GCC_C_LANGUAGE_STANDARD = gnu11;
				GCC_NO_COMMON_BLOCKS = YES;
				GCC_WARN_64_TO_32_BIT_CONVERSION = YES;
				GCC_WARN_ABOUT_RETURN_TYPE = YES_ERROR;
				GCC_WARN_UNDECLARED_SELECTOR = YES;
				GCC_WARN_UNINITIALIZED_AUTOS = YES_AGGRESSIVE;
				GCC_WARN_UNUSED_FUNCTION = YES;
				GCC_WARN_UNUSED_VARIABLE = YES;
				IPHONEOS_DEPLOYMENT_TARGET = 14.4;
				MTL_ENABLE_DEBUG_INFO = NO;
				MTL_FAST_MATH = YES;
				SDKROOT = iphoneos;
				SWIFT_COMPILATION_MODE = wholemodule;
				SWIFT_OPTIMIZATION_LEVEL = "-O";
				VALIDATE_PRODUCT = YES;
			};
			name = Release;
		};
		3AD0999A2727F9F50096B1D2 /* Debug */ = {
			isa = XCBuildConfiguration;
			baseConfigurationReference = 74F167960CACAF586C561D48 /* Pods-ChatApp.debug.xcconfig */;
			buildSettings = {
				ASSETCATALOG_COMPILER_APPICON_NAME = AppIcon;
				ASSETCATALOG_COMPILER_GLOBAL_ACCENT_COLOR_NAME = AccentColor;
				CODE_SIGN_STYLE = Automatic;
				DEVELOPMENT_TEAM = 7U944HJZLH;
				INFOPLIST_FILE = ChatApp/SupportFiles/Info.plist;
				LD_RUNPATH_SEARCH_PATHS = (
					"$(inherited)",
					"@executable_path/Frameworks",
				);
				PRODUCT_BUNDLE_IDENTIFIER = com.duytran.dev.ChatApp;
				PRODUCT_NAME = "$(TARGET_NAME)";
				SWIFT_VERSION = 5.0;
				TARGETED_DEVICE_FAMILY = "1,2";
			};
			name = Debug;
		};
		3AD0999B2727F9F50096B1D2 /* Release */ = {
			isa = XCBuildConfiguration;
			baseConfigurationReference = E48D2D440B7A80C5449AA9D8 /* Pods-ChatApp.release.xcconfig */;
			buildSettings = {
				ASSETCATALOG_COMPILER_APPICON_NAME = AppIcon;
				ASSETCATALOG_COMPILER_GLOBAL_ACCENT_COLOR_NAME = AccentColor;
				CODE_SIGN_STYLE = Automatic;
				DEVELOPMENT_TEAM = 7U944HJZLH;
				INFOPLIST_FILE = ChatApp/SupportFiles/Info.plist;
				LD_RUNPATH_SEARCH_PATHS = (
					"$(inherited)",
					"@executable_path/Frameworks",
				);
				PRODUCT_BUNDLE_IDENTIFIER = com.duytran.dev.ChatApp;
				PRODUCT_NAME = "$(TARGET_NAME)";
				SWIFT_VERSION = 5.0;
				TARGETED_DEVICE_FAMILY = "1,2";
			};
			name = Release;
		};
/* End XCBuildConfiguration section */

/* Begin XCConfigurationList section */
		3AD099802727F9EE0096B1D2 /* Build configuration list for PBXProject "ChatApp" */ = {
			isa = XCConfigurationList;
			buildConfigurations = (
				3AD099972727F9F50096B1D2 /* Debug */,
				3AD099982727F9F50096B1D2 /* Release */,
			);
			defaultConfigurationIsVisible = 0;
			defaultConfigurationName = Release;
		};
		3AD099992727F9F50096B1D2 /* Build configuration list for PBXNativeTarget "ChatApp" */ = {
			isa = XCConfigurationList;
			buildConfigurations = (
				3AD0999A2727F9F50096B1D2 /* Debug */,
				3AD0999B2727F9F50096B1D2 /* Release */,
			);
			defaultConfigurationIsVisible = 0;
			defaultConfigurationName = Release;
		};
/* End XCConfigurationList section */
	};
	rootObject = 3AD0997D2727F9EE0096B1D2 /* Project object */;
}
